// !$*UTF8*$!
{
	archiveVersion = 1;
	classes = {
	};
	objectVersion = 77;
	objects = {

/* Begin PBXBuildFile section */
		B15B2E832CC0C4950007F4CE /* X For You Extension.appex in Embed Foundation Extensions */ = {isa = PBXBuildFile; fileRef = B15B2E822CC0C4950007F4CE /* X For You Extension.appex */; settings = {ATTRIBUTES = (RemoveHeadersOnCopy, ); }; };
		B15B2E8D2CC0C4950007F4CE /* X For You Extension.appex in Embed Foundation Extensions */ = {isa = PBXBuildFile; fileRef = B15B2E8C2CC0C4950007F4CE /* X For You Extension.appex */; settings = {ATTRIBUTES = (RemoveHeadersOnCopy, ); }; };
/* End PBXBuildFile section */

/* Begin PBXContainerItemProxy section */
		B15B2E842CC0C4950007F4CE /* PBXContainerItemProxy */ = {
			isa = PBXContainerItemProxy;
			containerPortal = B15B2E482CC0C4940007F4CE /* Project object */;
			proxyType = 1;
			remoteGlobalIDString = B15B2E812CC0C4950007F4CE;
			remoteInfo = "X For You Extension (iOS)";
		};
		B15B2E8E2CC0C4950007F4CE /* PBXContainerItemProxy */ = {
			isa = PBXContainerItemProxy;
			containerPortal = B15B2E482CC0C4940007F4CE /* Project object */;
			proxyType = 1;
			remoteGlobalIDString = B15B2E8B2CC0C4950007F4CE;
			remoteInfo = "X For You Extension (macOS)";
		};
/* End PBXContainerItemProxy section */

/* Begin PBXCopyFilesBuildPhase section */
		B15B2EB62CC0C4950007F4CE /* Embed Foundation Extensions */ = {
			isa = PBXCopyFilesBuildPhase;
			buildActionMask = 2147483647;
			dstPath = "";
			dstSubfolderSpec = 13;
			files = (
				B15B2E832CC0C4950007F4CE /* X For You Extension.appex in Embed Foundation Extensions */,
			);
			name = "Embed Foundation Extensions";
			runOnlyForDeploymentPostprocessing = 0;
		};
		B15B2EC02CC0C4950007F4CE /* Embed Foundation Extensions */ = {
			isa = PBXCopyFilesBuildPhase;
			buildActionMask = 2147483647;
			dstPath = "";
			dstSubfolderSpec = 13;
			files = (
				B15B2E8D2CC0C4950007F4CE /* X For You Extension.appex in Embed Foundation Extensions */,
			);
			name = "Embed Foundation Extensions";
			runOnlyForDeploymentPostprocessing = 0;
		};
/* End PBXCopyFilesBuildPhase section */

/* Begin PBXFileReference section */
		B15B2E642CC0C4950007F4CE /* X For You.app */ = {isa = PBXFileReference; explicitFileType = wrapper.application; includeInIndex = 0; path = "X For You.app"; sourceTree = BUILT_PRODUCTS_DIR; };
		B15B2E762CC0C4950007F4CE /* X For You.app */ = {isa = PBXFileReference; explicitFileType = wrapper.application; includeInIndex = 0; path = "X For You.app"; sourceTree = BUILT_PRODUCTS_DIR; };
		B15B2E822CC0C4950007F4CE /* X For You Extension.appex */ = {isa = PBXFileReference; explicitFileType = "wrapper.app-extension"; includeInIndex = 0; path = "X For You Extension.appex"; sourceTree = BUILT_PRODUCTS_DIR; };
		B15B2E8C2CC0C4950007F4CE /* X For You Extension.appex */ = {isa = PBXFileReference; explicitFileType = "wrapper.app-extension"; includeInIndex = 0; path = "X For You Extension.appex"; sourceTree = BUILT_PRODUCTS_DIR; };
/* End PBXFileReference section */

/* Begin PBXFileSystemSynchronizedBuildFileExceptionSet section */
		B15B2EB12CC0C4950007F4CE /* Exceptions for "Shared (App)" folder in "X For You (iOS)" target */ = {
			isa = PBXFileSystemSynchronizedBuildFileExceptionSet;
			membershipExceptions = (
				"/Localized: Resources/Main.html",
				Assets.xcassets,
				Resources/Icon.png,
				Resources/Script.js,
				Resources/Style.css,
				ViewController.swift,
			);
			target = B15B2E632CC0C4950007F4CE /* X For You (iOS) */;
		};
		B15B2EB52CC0C4950007F4CE /* Exceptions for "iOS (Extension)" folder in "X For You Extension (iOS)" target */ = {
			isa = PBXFileSystemSynchronizedBuildFileExceptionSet;
			membershipExceptions = (
				Info.plist,
			);
			target = B15B2E812CC0C4950007F4CE /* X For You Extension (iOS) */;
		};
		B15B2EBA2CC0C4950007F4CE /* Exceptions for "iOS (App)" folder in "X For You (iOS)" target */ = {
			isa = PBXFileSystemSynchronizedBuildFileExceptionSet;
			membershipExceptions = (
				Info.plist,
			);
			target = B15B2E632CC0C4950007F4CE /* X For You (iOS) */;
		};
		B15B2EBB2CC0C4950007F4CE /* Exceptions for "Shared (App)" folder in "X For You (macOS)" target */ = {
			isa = PBXFileSystemSynchronizedBuildFileExceptionSet;
			membershipExceptions = (
				"/Localized: Resources/Main.html",
				Assets.xcassets,
				Resources/Icon.png,
				Resources/Script.js,
				Resources/Style.css,
				ViewController.swift,
			);
			target = B15B2E752CC0C4950007F4CE /* X For You (macOS) */;
		};
		B15B2EBF2CC0C4950007F4CE /* Exceptions for "macOS (Extension)" folder in "X For You Extension (macOS)" target */ = {
			isa = PBXFileSystemSynchronizedBuildFileExceptionSet;
			membershipExceptions = (
				Info.plist,
			);
			target = B15B2E8B2CC0C4950007F4CE /* X For You Extension (macOS) */;
		};
		B15B2EC42CC0C4950007F4CE /* Exceptions for "Shared (Extension)" folder in "X For You Extension (iOS)" target */ = {
			isa = PBXFileSystemSynchronizedBuildFileExceptionSet;
			membershipExceptions = (
				Resources/_locales,
				Resources/background.js,
				Resources/content.js,
				Resources/images,
				Resources/manifest.json,
				Resources/popup.css,
				Resources/popup.html,
				Resources/popup.js,
				SafariWebExtensionHandler.swift,
			);
			target = B15B2E812CC0C4950007F4CE /* X For You Extension (iOS) */;
		};
		B15B2EC52CC0C4950007F4CE /* Exceptions for "Shared (Extension)" folder in "X For You Extension (macOS)" target */ = {
			isa = PBXFileSystemSynchronizedBuildFileExceptionSet;
			membershipExceptions = (
				Resources/_locales,
				Resources/background.js,
				Resources/content.js,
				Resources/images,
				Resources/manifest.json,
				Resources/popup.css,
				Resources/popup.html,
				Resources/popup.js,
				SafariWebExtensionHandler.swift,
			);
			target = B15B2E8B2CC0C4950007F4CE /* X For You Extension (macOS) */;
		};
/* End PBXFileSystemSynchronizedBuildFileExceptionSet section */

/* Begin PBXFileSystemSynchronizedRootGroup section */
		B15B2E4C2CC0C4940007F4CE /* Shared (App) */ = {
			isa = PBXFileSystemSynchronizedRootGroup;
			exceptions = (
				B15B2EB12CC0C4950007F4CE /* Exceptions for "Shared (App)" folder in "X For You (iOS)" target */,
				B15B2EBB2CC0C4950007F4CE /* Exceptions for "Shared (App)" folder in "X For You (macOS)" target */,
			);
			path = "Shared (App)";
			sourceTree = "<group>";
		};
		B15B2E552CC0C4950007F4CE /* Shared (Extension) */ = {
			isa = PBXFileSystemSynchronizedRootGroup;
			exceptions = (
				B15B2EC42CC0C4950007F4CE /* Exceptions for "Shared (Extension)" folder in "X For You Extension (iOS)" target */,
				B15B2EC52CC0C4950007F4CE /* Exceptions for "Shared (Extension)" folder in "X For You Extension (macOS)" target */,
			);
			explicitFolders = (
				Resources/_locales,
				Resources/images,
			);
			path = "Shared (Extension)";
			sourceTree = "<group>";
		};
		B15B2E662CC0C4950007F4CE /* iOS (App) */ = {
			isa = PBXFileSystemSynchronizedRootGroup;
			exceptions = (
				B15B2EBA2CC0C4950007F4CE /* Exceptions for "iOS (App)" folder in "X For You (iOS)" target */,
			);
			path = "iOS (App)";
			sourceTree = "<group>";
		};
		B15B2E772CC0C4950007F4CE /* macOS (App) */ = {
			isa = PBXFileSystemSynchronizedRootGroup;
			path = "macOS (App)";
			sourceTree = "<group>";
		};
		B15B2E862CC0C4950007F4CE /* iOS (Extension) */ = {
			isa = PBXFileSystemSynchronizedRootGroup;
			exceptions = (
				B15B2EB52CC0C4950007F4CE /* Exceptions for "iOS (Extension)" folder in "X For You Extension (iOS)" target */,
			);
			path = "iOS (Extension)";
			sourceTree = "<group>";
		};
		B15B2E902CC0C4950007F4CE /* macOS (Extension) */ = {
			isa = PBXFileSystemSynchronizedRootGroup;
			exceptions = (
				B15B2EBF2CC0C4950007F4CE /* Exceptions for "macOS (Extension)" folder in "X For You Extension (macOS)" target */,
			);
			path = "macOS (Extension)";
			sourceTree = "<group>";
		};
/* End PBXFileSystemSynchronizedRootGroup section */

/* Begin PBXFrameworksBuildPhase section */
		B15B2E612CC0C4950007F4CE /* Frameworks */ = {
			isa = PBXFrameworksBuildPhase;
			buildActionMask = 2147483647;
			files = (
			);
			runOnlyForDeploymentPostprocessing = 0;
		};
		B15B2E732CC0C4950007F4CE /* Frameworks */ = {
			isa = PBXFrameworksBuildPhase;
			buildActionMask = 2147483647;
			files = (
			);
			runOnlyForDeploymentPostprocessing = 0;
		};
		B15B2E7F2CC0C4950007F4CE /* Frameworks */ = {
			isa = PBXFrameworksBuildPhase;
			buildActionMask = 2147483647;
			files = (
			);
			runOnlyForDeploymentPostprocessing = 0;
		};
		B15B2E892CC0C4950007F4CE /* Frameworks */ = {
			isa = PBXFrameworksBuildPhase;
			buildActionMask = 2147483647;
			files = (
			);
			runOnlyForDeploymentPostprocessing = 0;
		};
/* End PBXFrameworksBuildPhase section */

/* Begin PBXGroup section */
		B15B2E472CC0C4940007F4CE = {
			isa = PBXGroup;
			children = (
				B15B2E4C2CC0C4940007F4CE /* Shared (App) */,
				B15B2E552CC0C4950007F4CE /* Shared (Extension) */,
				B15B2E662CC0C4950007F4CE /* iOS (App) */,
				B15B2E772CC0C4950007F4CE /* macOS (App) */,
				B15B2E862CC0C4950007F4CE /* iOS (Extension) */,
				B15B2E902CC0C4950007F4CE /* macOS (Extension) */,
				B15B2E652CC0C4950007F4CE /* Products */,
			);
			sourceTree = "<group>";
		};
		B15B2E652CC0C4950007F4CE /* Products */ = {
			isa = PBXGroup;
			children = (
				B15B2E642CC0C4950007F4CE /* X For You.app */,
				B15B2E762CC0C4950007F4CE /* X For You.app */,
				B15B2E822CC0C4950007F4CE /* X For You Extension.appex */,
				B15B2E8C2CC0C4950007F4CE /* X For You Extension.appex */,
			);
			name = Products;
			sourceTree = "<group>";
		};
/* End PBXGroup section */

/* Begin PBXNativeTarget section */
		B15B2E632CC0C4950007F4CE /* X For You (iOS) */ = {
			isa = PBXNativeTarget;
			buildConfigurationList = B15B2EB72CC0C4950007F4CE /* Build configuration list for PBXNativeTarget "X For You (iOS)" */;
			buildPhases = (
				B15B2E602CC0C4950007F4CE /* Sources */,
				B15B2E612CC0C4950007F4CE /* Frameworks */,
				B15B2E622CC0C4950007F4CE /* Resources */,
				B15B2EB62CC0C4950007F4CE /* Embed Foundation Extensions */,
			);
			buildRules = (
			);
			dependencies = (
				B15B2E852CC0C4950007F4CE /* PBXTargetDependency */,
			);
			fileSystemSynchronizedGroups = (
				B15B2E662CC0C4950007F4CE /* iOS (App) */,
			);
			name = "X For You (iOS)";
			packageProductDependencies = (
			);
			productName = "X For You (iOS)";
			productReference = B15B2E642CC0C4950007F4CE /* X For You.app */;
			productType = "com.apple.product-type.application";
		};
		B15B2E752CC0C4950007F4CE /* X For You (macOS) */ = {
			isa = PBXNativeTarget;
			buildConfigurationList = B15B2EC12CC0C4950007F4CE /* Build configuration list for PBXNativeTarget "X For You (macOS)" */;
			buildPhases = (
				B15B2E722CC0C4950007F4CE /* Sources */,
				B15B2E732CC0C4950007F4CE /* Frameworks */,
				B15B2E742CC0C4950007F4CE /* Resources */,
				B15B2EC02CC0C4950007F4CE /* Embed Foundation Extensions */,
			);
			buildRules = (
			);
			dependencies = (
				B15B2E8F2CC0C4950007F4CE /* PBXTargetDependency */,
			);
			fileSystemSynchronizedGroups = (
				B15B2E772CC0C4950007F4CE /* macOS (App) */,
			);
			name = "X For You (macOS)";
			packageProductDependencies = (
			);
			productName = "X For You (macOS)";
			productReference = B15B2E762CC0C4950007F4CE /* X For You.app */;
			productType = "com.apple.product-type.application";
		};
		B15B2E812CC0C4950007F4CE /* X For You Extension (iOS) */ = {
			isa = PBXNativeTarget;
			buildConfigurationList = B15B2EB22CC0C4950007F4CE /* Build configuration list for PBXNativeTarget "X For You Extension (iOS)" */;
			buildPhases = (
				B15B2E7E2CC0C4950007F4CE /* Sources */,
				B15B2E7F2CC0C4950007F4CE /* Frameworks */,
				B15B2E802CC0C4950007F4CE /* Resources */,
			);
			buildRules = (
			);
			dependencies = (
			);
			fileSystemSynchronizedGroups = (
				B15B2E862CC0C4950007F4CE /* iOS (Extension) */,
			);
			name = "X For You Extension (iOS)";
			packageProductDependencies = (
			);
			productName = "X For You Extension (iOS)";
			productReference = B15B2E822CC0C4950007F4CE /* X For You Extension.appex */;
			productType = "com.apple.product-type.app-extension";
		};
		B15B2E8B2CC0C4950007F4CE /* X For You Extension (macOS) */ = {
			isa = PBXNativeTarget;
			buildConfigurationList = B15B2EBC2CC0C4950007F4CE /* Build configuration list for PBXNativeTarget "X For You Extension (macOS)" */;
			buildPhases = (
				B15B2E882CC0C4950007F4CE /* Sources */,
				B15B2E892CC0C4950007F4CE /* Frameworks */,
				B15B2E8A2CC0C4950007F4CE /* Resources */,
			);
			buildRules = (
			);
			dependencies = (
			);
			fileSystemSynchronizedGroups = (
				B15B2E902CC0C4950007F4CE /* macOS (Extension) */,
			);
			name = "X For You Extension (macOS)";
			packageProductDependencies = (
			);
			productName = "X For You Extension (macOS)";
			productReference = B15B2E8C2CC0C4950007F4CE /* X For You Extension.appex */;
			productType = "com.apple.product-type.app-extension";
		};
/* End PBXNativeTarget section */

/* Begin PBXProject section */
		B15B2E482CC0C4940007F4CE /* Project object */ = {
			isa = PBXProject;
			attributes = {
				BuildIndependentTargetsInParallel = 1;
				LastSwiftUpdateCheck = 1600;
				LastUpgradeCheck = 1600;
				TargetAttributes = {
					B15B2E632CC0C4950007F4CE = {
						CreatedOnToolsVersion = 16.0;
					};
					B15B2E752CC0C4950007F4CE = {
						CreatedOnToolsVersion = 16.0;
					};
					B15B2E812CC0C4950007F4CE = {
						CreatedOnToolsVersion = 16.0;
					};
					B15B2E8B2CC0C4950007F4CE = {
						CreatedOnToolsVersion = 16.0;
					};
				};
			};
			buildConfigurationList = B15B2E4B2CC0C4940007F4CE /* Build configuration list for PBXProject "X For You" */;
			developmentRegion = en;
			hasScannedForEncodings = 0;
			knownRegions = (
				en,
				Base,
			);
			mainGroup = B15B2E472CC0C4940007F4CE;
			minimizedProjectReferenceProxies = 1;
			preferredProjectObjectVersion = 77;
			productRefGroup = B15B2E652CC0C4950007F4CE /* Products */;
			projectDirPath = "";
			projectRoot = "";
			targets = (
				B15B2E632CC0C4950007F4CE /* X For You (iOS) */,
				B15B2E752CC0C4950007F4CE /* X For You (macOS) */,
				B15B2E812CC0C4950007F4CE /* X For You Extension (iOS) */,
				B15B2E8B2CC0C4950007F4CE /* X For You Extension (macOS) */,
			);
		};
/* End PBXProject section */

/* Begin PBXResourcesBuildPhase section */
		B15B2E622CC0C4950007F4CE /* Resources */ = {
			isa = PBXResourcesBuildPhase;
			buildActionMask = 2147483647;
			files = (
			);
			runOnlyForDeploymentPostprocessing = 0;
		};
		B15B2E742CC0C4950007F4CE /* Resources */ = {
			isa = PBXResourcesBuildPhase;
			buildActionMask = 2147483647;
			files = (
			);
			runOnlyForDeploymentPostprocessing = 0;
		};
		B15B2E802CC0C4950007F4CE /* Resources */ = {
			isa = PBXResourcesBuildPhase;
			buildActionMask = 2147483647;
			files = (
			);
			runOnlyForDeploymentPostprocessing = 0;
		};
		B15B2E8A2CC0C4950007F4CE /* Resources */ = {
			isa = PBXResourcesBuildPhase;
			buildActionMask = 2147483647;
			files = (
			);
			runOnlyForDeploymentPostprocessing = 0;
		};
/* End PBXResourcesBuildPhase section */

/* Begin PBXSourcesBuildPhase section */
		B15B2E602CC0C4950007F4CE /* Sources */ = {
			isa = PBXSourcesBuildPhase;
			buildActionMask = 2147483647;
			files = (
			);
			runOnlyForDeploymentPostprocessing = 0;
		};
		B15B2E722CC0C4950007F4CE /* Sources */ = {
			isa = PBXSourcesBuildPhase;
			buildActionMask = 2147483647;
			files = (
			);
			runOnlyForDeploymentPostprocessing = 0;
		};
		B15B2E7E2CC0C4950007F4CE /* Sources */ = {
			isa = PBXSourcesBuildPhase;
			buildActionMask = 2147483647;
			files = (
			);
			runOnlyForDeploymentPostprocessing = 0;
		};
		B15B2E882CC0C4950007F4CE /* Sources */ = {
			isa = PBXSourcesBuildPhase;
			buildActionMask = 2147483647;
			files = (
			);
			runOnlyForDeploymentPostprocessing = 0;
		};
/* End PBXSourcesBuildPhase section */

/* Begin PBXTargetDependency section */
		B15B2E852CC0C4950007F4CE /* PBXTargetDependency */ = {
			isa = PBXTargetDependency;
			target = B15B2E812CC0C4950007F4CE /* X For You Extension (iOS) */;
			targetProxy = B15B2E842CC0C4950007F4CE /* PBXContainerItemProxy */;
		};
		B15B2E8F2CC0C4950007F4CE /* PBXTargetDependency */ = {
			isa = PBXTargetDependency;
			target = B15B2E8B2CC0C4950007F4CE /* X For You Extension (macOS) */;
			targetProxy = B15B2E8E2CC0C4950007F4CE /* PBXContainerItemProxy */;
		};
/* End PBXTargetDependency section */

/* Begin XCBuildConfiguration section */
		B15B2EB32CC0C4950007F4CE /* Debug */ = {
			isa = XCBuildConfiguration;
			buildSettings = {
				CODE_SIGN_STYLE = Automatic;
				CURRENT_PROJECT_VERSION = 1;
				DEVELOPMENT_TEAM = 8A2952A943;
				GENERATE_INFOPLIST_FILE = YES;
				INFOPLIST_FILE = "iOS (Extension)/Info.plist";
				INFOPLIST_KEY_CFBundleDisplayName = "X For You Extension";
				INFOPLIST_KEY_NSHumanReadableCopyright = "";
				IPHONEOS_DEPLOYMENT_TARGET = 15.0;
				LD_RUNPATH_SEARCH_PATHS = (
					"$(inherited)",
					"@executable_path/Frameworks",
					"@executable_path/../../Frameworks",
				);
				MARKETING_VERSION = 1.0;
				OTHER_LDFLAGS = (
					"-framework",
					SafariServices,
				);
				PRODUCT_BUNDLE_IDENTIFIER = "com.smokinggun.X-For-You.Extension";
				PRODUCT_NAME = "X For You Extension";
				SDKROOT = iphoneos;
				SKIP_INSTALL = YES;
				SWIFT_EMIT_LOC_STRINGS = YES;
				SWIFT_VERSION = 5.0;
				TARGETED_DEVICE_FAMILY = "1,2";
			};
			name = Debug;
		};
		B15B2EB42CC0C4950007F4CE /* Release */ = {
			isa = XCBuildConfiguration;
			buildSettings = {
				CODE_SIGN_STYLE = Automatic;
				CURRENT_PROJECT_VERSION = 1;
				DEVELOPMENT_TEAM = 8A2952A943;
				GENERATE_INFOPLIST_FILE = YES;
				INFOPLIST_FILE = "iOS (Extension)/Info.plist";
				INFOPLIST_KEY_CFBundleDisplayName = "X For You Extension";
				INFOPLIST_KEY_NSHumanReadableCopyright = "";
				IPHONEOS_DEPLOYMENT_TARGET = 15.0;
				LD_RUNPATH_SEARCH_PATHS = (
					"$(inherited)",
					"@executable_path/Frameworks",
					"@executable_path/../../Frameworks",
				);
				MARKETING_VERSION = 1.0;
				OTHER_LDFLAGS = (
					"-framework",
					SafariServices,
				);
				PRODUCT_BUNDLE_IDENTIFIER = "com.smokinggun.X-For-You.Extension";
				PRODUCT_NAME = "X For You Extension";
				SDKROOT = iphoneos;
				SKIP_INSTALL = YES;
				SWIFT_EMIT_LOC_STRINGS = YES;
				SWIFT_VERSION = 5.0;
				TARGETED_DEVICE_FAMILY = "1,2";
				VALIDATE_PRODUCT = YES;
			};
			name = Release;
		};
		B15B2EB82CC0C4950007F4CE /* Debug */ = {
			isa = XCBuildConfiguration;
			buildSettings = {
				ASSETCATALOG_COMPILER_APPICON_NAME = AppIcon;
				ASSETCATALOG_COMPILER_GLOBAL_ACCENT_COLOR_NAME = AccentColor;
				CODE_SIGN_STYLE = Automatic;
				CURRENT_PROJECT_VERSION = 1;
				DEVELOPMENT_TEAM = 8A2952A943;
				GENERATE_INFOPLIST_FILE = YES;
				INFOPLIST_FILE = "iOS (App)/Info.plist";
				INFOPLIST_KEY_CFBundleDisplayName = "X For You";
				INFOPLIST_KEY_UIApplicationSupportsIndirectInputEvents = YES;
				INFOPLIST_KEY_UILaunchStoryboardName = LaunchScreen;
				INFOPLIST_KEY_UIMainStoryboardFile = Main;
				INFOPLIST_KEY_UISupportedInterfaceOrientations = "UIInterfaceOrientationPortrait UIInterfaceOrientationLandscapeLeft UIInterfaceOrientationLandscapeRight";
				INFOPLIST_KEY_UISupportedInterfaceOrientations_iPad = "UIInterfaceOrientationPortrait UIInterfaceOrientationPortraitUpsideDown UIInterfaceOrientationLandscapeLeft UIInterfaceOrientationLandscapeRight";
				IPHONEOS_DEPLOYMENT_TARGET = 15.0;
				LD_RUNPATH_SEARCH_PATHS = (
					"$(inherited)",
					"@executable_path/Frameworks",
				);
				MARKETING_VERSION = 1.0;
				OTHER_LDFLAGS = (
					"-framework",
					SafariServices,
					"-framework",
					WebKit,
				);
				PRODUCT_BUNDLE_IDENTIFIER = "com.smokinggun.X-For-You";
				PRODUCT_NAME = "X For You";
				SDKROOT = iphoneos;
				SWIFT_EMIT_LOC_STRINGS = YES;
				SWIFT_VERSION = 5.0;
				TARGETED_DEVICE_FAMILY = "1,2";
			};
			name = Debug;
		};
		B15B2EB92CC0C4950007F4CE /* Release */ = {
			isa = XCBuildConfiguration;
			buildSettings = {
				ASSETCATALOG_COMPILER_APPICON_NAME = AppIcon;
				ASSETCATALOG_COMPILER_GLOBAL_ACCENT_COLOR_NAME = AccentColor;
				CODE_SIGN_STYLE = Automatic;
				CURRENT_PROJECT_VERSION = 1;
				DEVELOPMENT_TEAM = 8A2952A943;
				GENERATE_INFOPLIST_FILE = YES;
				INFOPLIST_FILE = "iOS (App)/Info.plist";
				INFOPLIST_KEY_CFBundleDisplayName = "X For You";
				INFOPLIST_KEY_UIApplicationSupportsIndirectInputEvents = YES;
				INFOPLIST_KEY_UILaunchStoryboardName = LaunchScreen;
				INFOPLIST_KEY_UIMainStoryboardFile = Main;
				INFOPLIST_KEY_UISupportedInterfaceOrientations = "UIInterfaceOrientationPortrait UIInterfaceOrientationLandscapeLeft UIInterfaceOrientationLandscapeRight";
				INFOPLIST_KEY_UISupportedInterfaceOrientations_iPad = "UIInterfaceOrientationPortrait UIInterfaceOrientationPortraitUpsideDown UIInterfaceOrientationLandscapeLeft UIInterfaceOrientationLandscapeRight";
				IPHONEOS_DEPLOYMENT_TARGET = 15.0;
				LD_RUNPATH_SEARCH_PATHS = (
					"$(inherited)",
					"@executable_path/Frameworks",
				);
				MARKETING_VERSION = 1.0;
				OTHER_LDFLAGS = (
					"-framework",
					SafariServices,
					"-framework",
					WebKit,
				);
				PRODUCT_BUNDLE_IDENTIFIER = "com.smokinggun.X-For-You";
				PRODUCT_NAME = "X For You";
				SDKROOT = iphoneos;
				SWIFT_EMIT_LOC_STRINGS = YES;
				SWIFT_VERSION = 5.0;
				TARGETED_DEVICE_FAMILY = "1,2";
				VALIDATE_PRODUCT = YES;
			};
			name = Release;
		};
		B15B2EBD2CC0C4950007F4CE /* Debug */ = {
			isa = XCBuildConfiguration;
			buildSettings = {
				CODE_SIGN_ENTITLEMENTS = "macOS (Extension)/X For You.entitlements";
				CODE_SIGN_STYLE = Automatic;
				CURRENT_PROJECT_VERSION = 1;
				DEVELOPMENT_TEAM = 8A2952A943;
				ENABLE_HARDENED_RUNTIME = YES;
				GENERATE_INFOPLIST_FILE = YES;
				INFOPLIST_FILE = "macOS (Extension)/Info.plist";
				INFOPLIST_KEY_CFBundleDisplayName = "X For You Extension";
				INFOPLIST_KEY_NSHumanReadableCopyright = "";
				LD_RUNPATH_SEARCH_PATHS = (
					"$(inherited)",
					"@executable_path/../Frameworks",
					"@executable_path/../../../../Frameworks",
				);
				MACOSX_DEPLOYMENT_TARGET = 10.14;
				MARKETING_VERSION = 1.0;
				OTHER_LDFLAGS = (
					"-framework",
					SafariServices,
				);
				PRODUCT_BUNDLE_IDENTIFIER = "com.smokinggun.X-For-You.Extension";
				PRODUCT_NAME = "X For You Extension";
				SDKROOT = macosx;
				SKIP_INSTALL = YES;
				SWIFT_EMIT_LOC_STRINGS = YES;
				SWIFT_VERSION = 5.0;
			};
			name = Debug;
		};
		B15B2EBE2CC0C4950007F4CE /* Release */ = {
			isa = XCBuildConfiguration;
			buildSettings = {
				CODE_SIGN_ENTITLEMENTS = "macOS (Extension)/X For You.entitlements";
				CODE_SIGN_STYLE = Automatic;
				CURRENT_PROJECT_VERSION = 1;
				DEVELOPMENT_TEAM = 8A2952A943;
				ENABLE_HARDENED_RUNTIME = YES;
				GENERATE_INFOPLIST_FILE = YES;
				INFOPLIST_FILE = "macOS (Extension)/Info.plist";
				INFOPLIST_KEY_CFBundleDisplayName = "X For You Extension";
				INFOPLIST_KEY_NSHumanReadableCopyright = "";
				LD_RUNPATH_SEARCH_PATHS = (
					"$(inherited)",
					"@executable_path/../Frameworks",
					"@executable_path/../../../../Frameworks",
				);
				MACOSX_DEPLOYMENT_TARGET = 10.14;
				MARKETING_VERSION = 1.0;
				OTHER_LDFLAGS = (
					"-framework",
					SafariServices,
				);
				PRODUCT_BUNDLE_IDENTIFIER = "com.smokinggun.X-For-You.Extension";
				PRODUCT_NAME = "X For You Extension";
				SDKROOT = macosx;
				SKIP_INSTALL = YES;
				SWIFT_EMIT_LOC_STRINGS = YES;
				SWIFT_VERSION = 5.0;
			};
			name = Release;
		};
		B15B2EC22CC0C4950007F4CE /* Debug */ = {
			isa = XCBuildConfiguration;
			buildSettings = {
				ASSETCATALOG_COMPILER_APPICON_NAME = AppIcon;
				ASSETCATALOG_COMPILER_GLOBAL_ACCENT_COLOR_NAME = AccentColor;
				CODE_SIGN_ENTITLEMENTS = "macOS (App)/X For You.entitlements";
				CODE_SIGN_STYLE = Automatic;
				CURRENT_PROJECT_VERSION = 1;
				DEVELOPMENT_TEAM = 8A2952A943;
				ENABLE_HARDENED_RUNTIME = YES;
				GENERATE_INFOPLIST_FILE = YES;
				INFOPLIST_KEY_CFBundleDisplayName = "X For You";
				INFOPLIST_KEY_NSMainStoryboardFile = Main;
				INFOPLIST_KEY_NSPrincipalClass = NSApplication;
				LD_RUNPATH_SEARCH_PATHS = (
					"$(inherited)",
					"@executable_path/../Frameworks",
				);
				MACOSX_DEPLOYMENT_TARGET = 10.14;
				MARKETING_VERSION = 1.0;
				OTHER_LDFLAGS = (
					"-framework",
					SafariServices,
					"-framework",
					WebKit,
				);
				PRODUCT_BUNDLE_IDENTIFIER = "com.smokinggun.X-For-You";
				PRODUCT_NAME = "X For You";
				SDKROOT = macosx;
				SWIFT_EMIT_LOC_STRINGS = YES;
				SWIFT_VERSION = 5.0;
			};
			name = Debug;
		};
		B15B2EC32CC0C4950007F4CE /* Release */ = {
			isa = XCBuildConfiguration;
			buildSettings = {
				ASSETCATALOG_COMPILER_APPICON_NAME = AppIcon;
				ASSETCATALOG_COMPILER_GLOBAL_ACCENT_COLOR_NAME = AccentColor;
				CODE_SIGN_ENTITLEMENTS = "macOS (App)/X For You.entitlements";
				CODE_SIGN_STYLE = Automatic;
				CURRENT_PROJECT_VERSION = 1;
				DEVELOPMENT_TEAM = 8A2952A943;
				ENABLE_HARDENED_RUNTIME = YES;
				GENERATE_INFOPLIST_FILE = YES;
				INFOPLIST_KEY_CFBundleDisplayName = "X For You";
				INFOPLIST_KEY_NSMainStoryboardFile = Main;
				INFOPLIST_KEY_NSPrincipalClass = NSApplication;
				LD_RUNPATH_SEARCH_PATHS = (
					"$(inherited)",
					"@executable_path/../Frameworks",
				);
				MACOSX_DEPLOYMENT_TARGET = 10.14;
				MARKETING_VERSION = 1.0;
				OTHER_LDFLAGS = (
					"-framework",
					SafariServices,
					"-framework",
					WebKit,
				);
				PRODUCT_BUNDLE_IDENTIFIER = "com.smokinggun.X-For-You";
				PRODUCT_NAME = "X For You";
				SDKROOT = macosx;
				SWIFT_EMIT_LOC_STRINGS = YES;
				SWIFT_VERSION = 5.0;
			};
			name = Release;
		};
		B15B2EC62CC0C4950007F4CE /* Debug */ = {
			isa = XCBuildConfiguration;
			buildSettings = {
				ALWAYS_SEARCH_USER_PATHS = NO;
				ASSETCATALOG_COMPILER_GENERATE_SWIFT_ASSET_SYMBOL_EXTENSIONS = YES;
				CLANG_ANALYZER_NONNULL = YES;
				CLANG_ANALYZER_NUMBER_OBJECT_CONVERSION = YES_AGGRESSIVE;
				CLANG_CXX_LANGUAGE_STANDARD = "gnu++20";
				CLANG_ENABLE_MODULES = YES;
				CLANG_ENABLE_OBJC_ARC = YES;
				CLANG_ENABLE_OBJC_WEAK = YES;
				CLANG_WARN_BLOCK_CAPTURE_AUTORELEASING = YES;
				CLANG_WARN_BOOL_CONVERSION = YES;
				CLANG_WARN_COMMA = YES;
				CLANG_WARN_CONSTANT_CONVERSION = YES;
				CLANG_WARN_DEPRECATED_OBJC_IMPLEMENTATIONS = YES;
				CLANG_WARN_DIRECT_OBJC_ISA_USAGE = YES_ERROR;
				CLANG_WARN_DOCUMENTATION_COMMENTS = YES;
				CLANG_WARN_EMPTY_BODY = YES;
				CLANG_WARN_ENUM_CONVERSION = YES;
				CLANG_WARN_INFINITE_RECURSION = YES;
				CLANG_WARN_INT_CONVERSION = YES;
				CLANG_WARN_NON_LITERAL_NULL_CONVERSION = YES;
				CLANG_WARN_OBJC_IMPLICIT_RETAIN_SELF = YES;
				CLANG_WARN_OBJC_LITERAL_CONVERSION = YES;
				CLANG_WARN_OBJC_ROOT_CLASS = YES_ERROR;
				CLANG_WARN_QUOTED_INCLUDE_IN_FRAMEWORK_HEADER = YES;
				CLANG_WARN_RANGE_LOOP_ANALYSIS = YES;
				CLANG_WARN_STRICT_PROTOTYPES = YES;
				CLANG_WARN_SUSPICIOUS_MOVE = YES;
				CLANG_WARN_UNGUARDED_AVAILABILITY = YES_AGGRESSIVE;
				CLANG_WARN_UNREACHABLE_CODE = YES;
				CLANG_WARN__DUPLICATE_METHOD_MATCH = YES;
				COPY_PHASE_STRIP = NO;
				DEBUG_INFORMATION_FORMAT = dwarf;
				ENABLE_STRICT_OBJC_MSGSEND = YES;
				ENABLE_TESTABILITY = YES;
				ENABLE_USER_SCRIPT_SANDBOXING = YES;
				GCC_C_LANGUAGE_STANDARD = gnu17;
				GCC_DYNAMIC_NO_PIC = NO;
				GCC_NO_COMMON_BLOCKS = YES;
				GCC_OPTIMIZATION_LEVEL = 0;
				GCC_PREPROCESSOR_DEFINITIONS = (
					"DEBUG=1",
					"$(inherited)",
				);
				GCC_WARN_64_TO_32_BIT_CONVERSION = YES;
				GCC_WARN_ABOUT_RETURN_TYPE = YES_ERROR;
				GCC_WARN_UNDECLARED_SELECTOR = YES;
				GCC_WARN_UNINITIALIZED_AUTOS = YES_AGGRESSIVE;
				GCC_WARN_UNUSED_FUNCTION = YES;
				GCC_WARN_UNUSED_VARIABLE = YES;
				LOCALIZATION_PREFERS_STRING_CATALOGS = YES;
				MTL_ENABLE_DEBUG_INFO = INCLUDE_SOURCE;
				MTL_FAST_MATH = YES;
				ONLY_ACTIVE_ARCH = YES;
				SWIFT_ACTIVE_COMPILATION_CONDITIONS = "DEBUG $(inherited)";
				SWIFT_OPTIMIZATION_LEVEL = "-Onone";
			};
			name = Debug;
		};
		B15B2EC72CC0C4950007F4CE /* Release */ = {
			isa = XCBuildConfiguration;
			buildSettings = {
				ALWAYS_SEARCH_USER_PATHS = NO;
				ASSETCATALOG_COMPILER_GENERATE_SWIFT_ASSET_SYMBOL_EXTENSIONS = YES;
				CLANG_ANALYZER_NONNULL = YES;
				CLANG_ANALYZER_NUMBER_OBJECT_CONVERSION = YES_AGGRESSIVE;
				CLANG_CXX_LANGUAGE_STANDARD = "gnu++20";
				CLANG_ENABLE_MODULES = YES;
				CLANG_ENABLE_OBJC_ARC = YES;
				CLANG_ENABLE_OBJC_WEAK = YES;
				CLANG_WARN_BLOCK_CAPTURE_AUTORELEASING = YES;
				CLANG_WARN_BOOL_CONVERSION = YES;
				CLANG_WARN_COMMA = YES;
				CLANG_WARN_CONSTANT_CONVERSION = YES;
				CLANG_WARN_DEPRECATED_OBJC_IMPLEMENTATIONS = YES;
				CLANG_WARN_DIRECT_OBJC_ISA_USAGE = YES_ERROR;
				CLANG_WARN_DOCUMENTATION_COMMENTS = YES;
				CLANG_WARN_EMPTY_BODY = YES;
				CLANG_WARN_ENUM_CONVERSION = YES;
				CLANG_WARN_INFINITE_RECURSION = YES;
				CLANG_WARN_INT_CONVERSION = YES;
				CLANG_WARN_NON_LITERAL_NULL_CONVERSION = YES;
				CLANG_WARN_OBJC_IMPLICIT_RETAIN_SELF = YES;
				CLANG_WARN_OBJC_LITERAL_CONVERSION = YES;
				CLANG_WARN_OBJC_ROOT_CLASS = YES_ERROR;
				CLANG_WARN_QUOTED_INCLUDE_IN_FRAMEWORK_HEADER = YES;
				CLANG_WARN_RANGE_LOOP_ANALYSIS = YES;
				CLANG_WARN_STRICT_PROTOTYPES = YES;
				CLANG_WARN_SUSPICIOUS_MOVE = YES;
				CLANG_WARN_UNGUARDED_AVAILABILITY = YES_AGGRESSIVE;
				CLANG_WARN_UNREACHABLE_CODE = YES;
				CLANG_WARN__DUPLICATE_METHOD_MATCH = YES;
				COPY_PHASE_STRIP = NO;
				DEBUG_INFORMATION_FORMAT = "dwarf-with-dsym";
				ENABLE_NS_ASSERTIONS = NO;
				ENABLE_STRICT_OBJC_MSGSEND = YES;
				ENABLE_USER_SCRIPT_SANDBOXING = YES;
				GCC_C_LANGUAGE_STANDARD = gnu17;
				GCC_NO_COMMON_BLOCKS = YES;
				GCC_WARN_64_TO_32_BIT_CONVERSION = YES;
				GCC_WARN_ABOUT_RETURN_TYPE = YES_ERROR;
				GCC_WARN_UNDECLARED_SELECTOR = YES;
				GCC_WARN_UNINITIALIZED_AUTOS = YES_AGGRESSIVE;
				GCC_WARN_UNUSED_FUNCTION = YES;
				GCC_WARN_UNUSED_VARIABLE = YES;
				LOCALIZATION_PREFERS_STRING_CATALOGS = YES;
				MTL_ENABLE_DEBUG_INFO = NO;
				MTL_FAST_MATH = YES;
				SWIFT_COMPILATION_MODE = wholemodule;
			};
			name = Release;
		};
/* End XCBuildConfiguration section */

/* Begin XCConfigurationList section */
		B15B2E4B2CC0C4940007F4CE /* Build configuration list for PBXProject "X For You" */ = {
			isa = XCConfigurationList;
			buildConfigurations = (
				B15B2EC62CC0C4950007F4CE /* Debug */,
				B15B2EC72CC0C4950007F4CE /* Release */,
			);
			defaultConfigurationIsVisible = 0;
			defaultConfigurationName = Release;
		};
		B15B2EB22CC0C4950007F4CE /* Build configuration list for PBXNativeTarget "X For You Extension (iOS)" */ = {
			isa = XCConfigurationList;
			buildConfigurations = (
				B15B2EB32CC0C4950007F4CE /* Debug */,
				B15B2EB42CC0C4950007F4CE /* Release */,
			);
			defaultConfigurationIsVisible = 0;
			defaultConfigurationName = Release;
		};
		B15B2EB72CC0C4950007F4CE /* Build configuration list for PBXNativeTarget "X For You (iOS)" */ = {
			isa = XCConfigurationList;
			buildConfigurations = (
				B15B2EB82CC0C4950007F4CE /* Debug */,
				B15B2EB92CC0C4950007F4CE /* Release */,
			);
			defaultConfigurationIsVisible = 0;
			defaultConfigurationName = Release;
		};
		B15B2EBC2CC0C4950007F4CE /* Build configuration list for PBXNativeTarget "X For You Extension (macOS)" */ = {
			isa = XCConfigurationList;
			buildConfigurations = (
				B15B2EBD2CC0C4950007F4CE /* Debug */,
				B15B2EBE2CC0C4950007F4CE /* Release */,
			);
			defaultConfigurationIsVisible = 0;
			defaultConfigurationName = Release;
		};
		B15B2EC12CC0C4950007F4CE /* Build configuration list for PBXNativeTarget "X For You (macOS)" */ = {
			isa = XCConfigurationList;
			buildConfigurations = (
				B15B2EC22CC0C4950007F4CE /* Debug */,
				B15B2EC32CC0C4950007F4CE /* Release */,
			);
			defaultConfigurationIsVisible = 0;
			defaultConfigurationName = Release;
		};
/* End XCConfigurationList section */
	};
	rootObject = B15B2E482CC0C4940007F4CE /* Project object */;
}
